// !$*UTF8*$!
{
	archiveVersion = 1;
	classes = {
	};
	objectVersion = 56;
	objects = {

/* Begin PBXBuildFile section */
		C406D7A1297438EC008EE82D /* CategoryHome.swift in Sources */ = {isa = PBXBuildFile; fileRef = C406D7A0297438EC008EE82D /* CategoryHome.swift */; };
		C406D7A329743D79008EE82D /* CategoryRow.swift in Sources */ = {isa = PBXBuildFile; fileRef = C406D7A229743D79008EE82D /* CategoryRow.swift */; };
		C43138912970287100264C64 /* HexagonParameters.swift in Sources */ = {isa = PBXBuildFile; fileRef = C43138902970287100264C64 /* HexagonParameters.swift */; };
		C431389329702A7A00264C64 /* BadgeBackground.swift in Sources */ = {isa = PBXBuildFile; fileRef = C431389229702A7A00264C64 /* BadgeBackground.swift */; };
		C4383107298E404C00A27A6D /* NotificationController.swift in Sources */ = {isa = PBXBuildFile; fileRef = C4383106298E404C00A27A6D /* NotificationController.swift */; };
		C438310D298E439400A27A6D /* PushNotificationPayload.apns in Resources */ = {isa = PBXBuildFile; fileRef = C438310C298E439400A27A6D /* PushNotificationPayload.apns */; };
		C438310F298E43C800A27A6D /* ComplicationController.swift in Sources */ = {isa = PBXBuildFile; fileRef = C438310E298E43C800A27A6D /* ComplicationController.swift */; };
		C4383119298E487E00A27A6D /* ContentView.swift in Sources */ = {isa = PBXBuildFile; fileRef = C4383118298E487E00A27A6D /* ContentView.swift */; };
		C438311B298E487F00A27A6D /* Assets.xcassets in Resources */ = {isa = PBXBuildFile; fileRef = C438311A298E487F00A27A6D /* Assets.xcassets */; };
		C438311E298E487F00A27A6D /* Preview Assets.xcassets in Resources */ = {isa = PBXBuildFile; fileRef = C438311D298E487F00A27A6D /* Preview Assets.xcassets */; };
		C4383123298E49E700A27A6D /* hikeData.json in Resources */ = {isa = PBXBuildFile; fileRef = C4E6A5E52972E08300FBA849 /* hikeData.json */; };
		C4383124298E49E700A27A6D /* FavoriteButton.swift in Sources */ = {isa = PBXBuildFile; fileRef = C449D694296E531D003E2D7F /* FavoriteButton.swift */; };
		C4383125298E49E700A27A6D /* LandmarkRow.swift in Sources */ = {isa = PBXBuildFile; fileRef = C47076CF296D0E8A00F7BDC5 /* LandmarkRow.swift */; };
		C4383126298E49E700A27A6D /* Profile.swift in Sources */ = {isa = PBXBuildFile; fileRef = C4705CCD29765AF0004061AA /* Profile.swift */; };
		C4383127298E49E700A27A6D /* LandmarksApp.swift in Sources */ = {isa = PBXBuildFile; fileRef = C4D2F3B8296BB3E60072948E /* LandmarksApp.swift */; };
		C4383128298E49E700A27A6D /* ModelData.swift in Sources */ = {isa = PBXBuildFile; fileRef = C47076CA296D0D5800F7BDC5 /* ModelData.swift */; };
		C4383129298E49E700A27A6D /* Assets.xcassets in Resources */ = {isa = PBXBuildFile; fileRef = C4D2F3BC296BB3E70072948E /* Assets.xcassets */; };
		C438312A298E49E700A27A6D /* landmarkData.json in Resources */ = {isa = PBXBuildFile; fileRef = C47076C6296D0B5900F7BDC5 /* landmarkData.json */; };
		C438312B298E49E700A27A6D /* LandmarksList.swift in Sources */ = {isa = PBXBuildFile; fileRef = C47076D1296D111200F7BDC5 /* LandmarksList.swift */; };
		C438312C298E49E700A27A6D /* Hike.swift in Sources */ = {isa = PBXBuildFile; fileRef = C4E6A5E72972E15500FBA849 /* Hike.swift */; };
		C438312D298E49E700A27A6D /* Landmark.swift in Sources */ = {isa = PBXBuildFile; fileRef = C47076C8296D0B7000F7BDC5 /* Landmark.swift */; };
		C438312E298E49E700A27A6D /* CircleImage.swift in Sources */ = {isa = PBXBuildFile; fileRef = C4D2F3C6296BB7AD0072948E /* CircleImage.swift */; };
		C438312F298E49E700A27A6D /* MapView.swift in Sources */ = {isa = PBXBuildFile; fileRef = C4D2F3C8296BB8BD0072948E /* MapView.swift */; };
		C4383131298E4AE700A27A6D /* LandmarkDetail.swift in Sources */ = {isa = PBXBuildFile; fileRef = C4383130298E4AE700A27A6D /* LandmarkDetail.swift */; };
		C4383135298E5BBB00A27A6D /* LandmarkList.swift in Sources */ = {isa = PBXBuildFile; fileRef = C4383134298E5BBB00A27A6D /* LandmarkList.swift */; };
		C4383139298E62F300A27A6D /* LandmarkCommands.swift in Sources */ = {isa = PBXBuildFile; fileRef = C4383138298E62F300A27A6D /* LandmarkCommands.swift */; };
		C438313A298E62F300A27A6D /* LandmarkCommands.swift in Sources */ = {isa = PBXBuildFile; fileRef = C4383138298E62F300A27A6D /* LandmarkCommands.swift */; };
		C43BFBAC29778C83007324B1 /* ProfileEditor.swift in Sources */ = {isa = PBXBuildFile; fileRef = C43BFBAB29778C83007324B1 /* ProfileEditor.swift */; };
		C449D695296E531D003E2D7F /* FavoriteButton.swift in Sources */ = {isa = PBXBuildFile; fileRef = C449D694296E531D003E2D7F /* FavoriteButton.swift */; };
		C460C1A8298E050D00FECAC2 /* Landmark.swift in Sources */ = {isa = PBXBuildFile; fileRef = C47076C8296D0B7000F7BDC5 /* Landmark.swift */; };
		C460C1A9298E050D00FECAC2 /* hikeData.json in Resources */ = {isa = PBXBuildFile; fileRef = C4E6A5E52972E08300FBA849 /* hikeData.json */; };
		C460C1AA298E050D00FECAC2 /* Profile.swift in Sources */ = {isa = PBXBuildFile; fileRef = C4705CCD29765AF0004061AA /* Profile.swift */; };
		C460C1AB298E050D00FECAC2 /* LandmarksApp.swift in Sources */ = {isa = PBXBuildFile; fileRef = C4D2F3B8296BB3E60072948E /* LandmarksApp.swift */; };
		C460C1AC298E050D00FECAC2 /* landmarkData.json in Resources */ = {isa = PBXBuildFile; fileRef = C47076C6296D0B5900F7BDC5 /* landmarkData.json */; };
		C460C1AD298E050D00FECAC2 /* ModelData.swift in Sources */ = {isa = PBXBuildFile; fileRef = C47076CA296D0D5800F7BDC5 /* ModelData.swift */; };
		C460C1AE298E050D00FECAC2 /* Hike.swift in Sources */ = {isa = PBXBuildFile; fileRef = C4E6A5E72972E15500FBA849 /* Hike.swift */; };
		C460C1AF298E050D00FECAC2 /* MapView.swift in Sources */ = {isa = PBXBuildFile; fileRef = C4D2F3C8296BB8BD0072948E /* MapView.swift */; };
		C460C1B0298E050D00FECAC2 /* CircleImage.swift in Sources */ = {isa = PBXBuildFile; fileRef = C4D2F3C6296BB7AD0072948E /* CircleImage.swift */; };
		C460C1B1298E050D00FECAC2 /* LandmarkRow.swift in Sources */ = {isa = PBXBuildFile; fileRef = C47076CF296D0E8A00F7BDC5 /* LandmarkRow.swift */; };
		C460C1B2298E050D00FECAC2 /* Assets.xcassets in Resources */ = {isa = PBXBuildFile; fileRef = C4D2F3BC296BB3E70072948E /* Assets.xcassets */; };
		C460C1B5298E05D600FECAC2 /* LandmarkDetail.swift in Sources */ = {isa = PBXBuildFile; fileRef = C460C1B4298E05D600FECAC2 /* LandmarkDetail.swift */; };
		C460C1B7298E0FF700FECAC2 /* NotificationView.swift in Sources */ = {isa = PBXBuildFile; fileRef = C460C1B6298E0FF700FECAC2 /* NotificationView.swift */; };
		C4631C15297D773200D3C538 /* PageView.swift in Sources */ = {isa = PBXBuildFile; fileRef = C4631C14297D773200D3C538 /* PageView.swift */; };
		C4631C17297D7CDA00D3C538 /* PageControl.swift in Sources */ = {isa = PBXBuildFile; fileRef = C4631C16297D7CDA00D3C538 /* PageControl.swift */; };
		C4631C21297D80F100D3C538 /* ContentView.swift in Sources */ = {isa = PBXBuildFile; fileRef = C4631C20297D80F100D3C538 /* ContentView.swift */; };
		C4631C23297D80F200D3C538 /* Assets.xcassets in Resources */ = {isa = PBXBuildFile; fileRef = C4631C22297D80F200D3C538 /* Assets.xcassets */; };
		C4631C26297D80F200D3C538 /* Preview Assets.xcassets in Resources */ = {isa = PBXBuildFile; fileRef = C4631C25297D80F200D3C538 /* Preview Assets.xcassets */; };
		C4684E022970FD33008FBF5A /* landmark_app_icon_167x167.png in Resources */ = {isa = PBXBuildFile; fileRef = C4684DEF2970FD33008FBF5A /* landmark_app_icon_167x167.png */; };
		C4684E032970FD33008FBF5A /* landmark_app_icon_60x60.png in Resources */ = {isa = PBXBuildFile; fileRef = C4684DF02970FD33008FBF5A /* landmark_app_icon_60x60.png */; };
		C4684E042970FD33008FBF5A /* landmark_app_icon_58x58.png in Resources */ = {isa = PBXBuildFile; fileRef = C4684DF12970FD33008FBF5A /* landmark_app_icon_58x58.png */; };
		C4684E052970FD33008FBF5A /* landmark_app_icon_40x40-1.png in Resources */ = {isa = PBXBuildFile; fileRef = C4684DF22970FD33008FBF5A /* landmark_app_icon_40x40-1.png */; };
		C4684E062970FD33008FBF5A /* landmark_app_icon_40x40-2.png in Resources */ = {isa = PBXBuildFile; fileRef = C4684DF32970FD33008FBF5A /* landmark_app_icon_40x40-2.png */; };
		C4684E072970FD33008FBF5A /* landmark_app_icon_29x29.png in Resources */ = {isa = PBXBuildFile; fileRef = C4684DF42970FD33008FBF5A /* landmark_app_icon_29x29.png */; };
		C4684E082970FD33008FBF5A /* landmark_app_icon_76x76.png in Resources */ = {isa = PBXBuildFile; fileRef = C4684DF52970FD33008FBF5A /* landmark_app_icon_76x76.png */; };
		C4684E092970FD33008FBF5A /* landmark_app_icon_120x120-1.png in Resources */ = {isa = PBXBuildFile; fileRef = C4684DF62970FD33008FBF5A /* landmark_app_icon_120x120-1.png */; };
		C4684E0A2970FD33008FBF5A /* landmark_app_icon_20x20.png in Resources */ = {isa = PBXBuildFile; fileRef = C4684DF72970FD33008FBF5A /* landmark_app_icon_20x20.png */; };
		C4684E0B2970FD33008FBF5A /* landmark_app_icon_80x80.png in Resources */ = {isa = PBXBuildFile; fileRef = C4684DF82970FD33008FBF5A /* landmark_app_icon_80x80.png */; };
		C4684E0C2970FD33008FBF5A /* landmark_app_icon_80x80-1.png in Resources */ = {isa = PBXBuildFile; fileRef = C4684DF92970FD33008FBF5A /* landmark_app_icon_80x80-1.png */; };
		C4684E0D2970FD33008FBF5A /* landmark_app_icon_152x152.png in Resources */ = {isa = PBXBuildFile; fileRef = C4684DFA2970FD33008FBF5A /* landmark_app_icon_152x152.png */; };
		C4684E0E2970FD33008FBF5A /* landmark_app_icon_40x40.png in Resources */ = {isa = PBXBuildFile; fileRef = C4684DFB2970FD33008FBF5A /* landmark_app_icon_40x40.png */; };
		C4684E0F2970FD33008FBF5A /* landmark_app_icon_58x58-1.png in Resources */ = {isa = PBXBuildFile; fileRef = C4684DFC2970FD33008FBF5A /* landmark_app_icon_58x58-1.png */; };
		C4684E102970FD33008FBF5A /* landmark_app_icon_87x87.png in Resources */ = {isa = PBXBuildFile; fileRef = C4684DFD2970FD33008FBF5A /* landmark_app_icon_87x87.png */; };
		C4684E112970FD33008FBF5A /* landmark_app_icon_180x180.png in Resources */ = {isa = PBXBuildFile; fileRef = C4684DFE2970FD33008FBF5A /* landmark_app_icon_180x180.png */; };
		C4684E122970FD33008FBF5A /* Contents.json in Resources */ = {isa = PBXBuildFile; fileRef = C4684DFF2970FD33008FBF5A /* Contents.json */; };
		C4684E132970FD33008FBF5A /* landmark_app_icon_1024x1024.png in Resources */ = {isa = PBXBuildFile; fileRef = C4684E002970FD33008FBF5A /* landmark_app_icon_1024x1024.png */; };
		C4684E142970FD33008FBF5A /* landmark_app_icon_120x120.png in Resources */ = {isa = PBXBuildFile; fileRef = C4684E012970FD33008FBF5A /* landmark_app_icon_120x120.png */; };
		C4684E162970FD7E008FBF5A /* BadgeSymbol.swift in Sources */ = {isa = PBXBuildFile; fileRef = C4684E152970FD7E008FBF5A /* BadgeSymbol.swift */; };
		C4684E182970FE69008FBF5A /* RotatedBadgeSymbol.swift in Sources */ = {isa = PBXBuildFile; fileRef = C4684E172970FE69008FBF5A /* RotatedBadgeSymbol.swift */; };
		C4684E1A2970FEAF008FBF5A /* Badge.swift in Sources */ = {isa = PBXBuildFile; fileRef = C4684E192970FEAF008FBF5A /* Badge.swift */; };
		C4705CCE29765AF0004061AA /* Profile.swift in Sources */ = {isa = PBXBuildFile; fileRef = C4705CCD29765AF0004061AA /* Profile.swift */; };
		C4705CD129765B2F004061AA /* ProfileHost.swift in Sources */ = {isa = PBXBuildFile; fileRef = C4705CD029765B2F004061AA /* ProfileHost.swift */; };
		C4705CD329765B9C004061AA /* ProfileSummary.swift in Sources */ = {isa = PBXBuildFile; fileRef = C4705CD229765B9C004061AA /* ProfileSummary.swift */; };
		C4705CD529768936004061AA /* HikeBadge.swift in Sources */ = {isa = PBXBuildFile; fileRef = C4705CD429768936004061AA /* HikeBadge.swift */; };
		C47076C7296D0B5900F7BDC5 /* landmarkData.json in Resources */ = {isa = PBXBuildFile; fileRef = C47076C6296D0B5900F7BDC5 /* landmarkData.json */; };
		C47076C9296D0B7000F7BDC5 /* Landmark.swift in Sources */ = {isa = PBXBuildFile; fileRef = C47076C8296D0B7000F7BDC5 /* Landmark.swift */; };
		C47076CB296D0D5800F7BDC5 /* ModelData.swift in Sources */ = {isa = PBXBuildFile; fileRef = C47076CA296D0D5800F7BDC5 /* ModelData.swift */; };
		C47076D0296D0E8A00F7BDC5 /* LandmarkRow.swift in Sources */ = {isa = PBXBuildFile; fileRef = C47076CF296D0E8A00F7BDC5 /* LandmarkRow.swift */; };
		C47076D2296D111200F7BDC5 /* LandmarksList.swift in Sources */ = {isa = PBXBuildFile; fileRef = C47076D1296D111200F7BDC5 /* LandmarksList.swift */; };
		C47076D4296D124C00F7BDC5 /* LandmarkDetail.swift in Sources */ = {isa = PBXBuildFile; fileRef = C47076D3296D124C00F7BDC5 /* LandmarkDetail.swift */; };
		C4A093F329750C5600D8D0E4 /* CategoryItem.swift in Sources */ = {isa = PBXBuildFile; fileRef = C4A093F229750C5600D8D0E4 /* CategoryItem.swift */; };
		C4C8547F297BEBC30075AB4F /* PageViewController.swift in Sources */ = {isa = PBXBuildFile; fileRef = C4C8547E297BEBC30075AB4F /* PageViewController.swift */; };
		C4C85483297BF2B90075AB4F /* FeatureCard.swift in Sources */ = {isa = PBXBuildFile; fileRef = C4C85482297BF2B90075AB4F /* FeatureCard.swift */; };
		C4D2F3B9296BB3E60072948E /* LandmarksApp.swift in Sources */ = {isa = PBXBuildFile; fileRef = C4D2F3B8296BB3E60072948E /* LandmarksApp.swift */; };
		C4D2F3BB296BB3E60072948E /* ContentView.swift in Sources */ = {isa = PBXBuildFile; fileRef = C4D2F3BA296BB3E60072948E /* ContentView.swift */; };
		C4D2F3BD296BB3E70072948E /* Assets.xcassets in Resources */ = {isa = PBXBuildFile; fileRef = C4D2F3BC296BB3E70072948E /* Assets.xcassets */; };
		C4D2F3C0296BB3E70072948E /* Preview Assets.xcassets in Resources */ = {isa = PBXBuildFile; fileRef = C4D2F3BF296BB3E70072948E /* Preview Assets.xcassets */; };
		C4D2F3C7296BB7AD0072948E /* CircleImage.swift in Sources */ = {isa = PBXBuildFile; fileRef = C4D2F3C6296BB7AD0072948E /* CircleImage.swift */; };
		C4D2F3C9296BB8BD0072948E /* MapView.swift in Sources */ = {isa = PBXBuildFile; fileRef = C4D2F3C8296BB8BD0072948E /* MapView.swift */; };
		C4E6A5E62972E08300FBA849 /* hikeData.json in Resources */ = {isa = PBXBuildFile; fileRef = C4E6A5E52972E08300FBA849 /* hikeData.json */; };
		C4E6A5E82972E15500FBA849 /* Hike.swift in Sources */ = {isa = PBXBuildFile; fileRef = C4E6A5E72972E15500FBA849 /* Hike.swift */; };
		C4E6A5EE2972E20900FBA849 /* GraphCapsule.swift in Sources */ = {isa = PBXBuildFile; fileRef = C4E6A5EA2972E20900FBA849 /* GraphCapsule.swift */; };
		C4E6A5EF2972E20900FBA849 /* HikeGraph.swift in Sources */ = {isa = PBXBuildFile; fileRef = C4E6A5EB2972E20900FBA849 /* HikeGraph.swift */; };
		C4E6A5F02972E20900FBA849 /* HikeDetail.swift in Sources */ = {isa = PBXBuildFile; fileRef = C4E6A5EC2972E20900FBA849 /* HikeDetail.swift */; };
		C4E6A5F12972E20900FBA849 /* HikeView.swift in Sources */ = {isa = PBXBuildFile; fileRef = C4E6A5ED2972E20900FBA849 /* HikeView.swift */; };
/* End PBXBuildFile section */

/* Begin PBXFileReference section */
		C406D7A0297438EC008EE82D /* CategoryHome.swift */ = {isa = PBXFileReference; lastKnownFileType = sourcecode.swift; path = CategoryHome.swift; sourceTree = "<group>"; };
		C406D7A229743D79008EE82D /* CategoryRow.swift */ = {isa = PBXFileReference; lastKnownFileType = sourcecode.swift; path = CategoryRow.swift; sourceTree = "<group>"; };
		C43138902970287100264C64 /* HexagonParameters.swift */ = {isa = PBXFileReference; lastKnownFileType = sourcecode.swift; path = HexagonParameters.swift; sourceTree = "<group>"; };
		C431389229702A7A00264C64 /* BadgeBackground.swift */ = {isa = PBXFileReference; lastKnownFileType = sourcecode.swift; path = BadgeBackground.swift; sourceTree = "<group>"; };
		C4383106298E404C00A27A6D /* NotificationController.swift */ = {isa = PBXFileReference; lastKnownFileType = sourcecode.swift; path = NotificationController.swift; sourceTree = "<group>"; };
		C438310C298E439400A27A6D /* PushNotificationPayload.apns */ = {isa = PBXFileReference; fileEncoding = 4; lastKnownFileType = text; path = PushNotificationPayload.apns; sourceTree = "<group>"; };
		C438310E298E43C800A27A6D /* ComplicationController.swift */ = {isa = PBXFileReference; fileEncoding = 4; lastKnownFileType = sourcecode.swift; path = ComplicationController.swift; sourceTree = "<group>"; };
		C4383114298E487E00A27A6D /* MacLandmarks.app */ = {isa = PBXFileReference; explicitFileType = wrapper.application; includeInIndex = 0; path = MacLandmarks.app; sourceTree = BUILT_PRODUCTS_DIR; };
		C4383118298E487E00A27A6D /* ContentView.swift */ = {isa = PBXFileReference; lastKnownFileType = sourcecode.swift; path = ContentView.swift; sourceTree = "<group>"; };
		C438311A298E487F00A27A6D /* Assets.xcassets */ = {isa = PBXFileReference; lastKnownFileType = folder.assetcatalog; path = Assets.xcassets; sourceTree = "<group>"; };
		C438311D298E487F00A27A6D /* Preview Assets.xcassets */ = {isa = PBXFileReference; lastKnownFileType = folder.assetcatalog; path = "Preview Assets.xcassets"; sourceTree = "<group>"; };
		C438311F298E487F00A27A6D /* MacLandmarks.entitlements */ = {isa = PBXFileReference; lastKnownFileType = text.plist.entitlements; path = MacLandmarks.entitlements; sourceTree = "<group>"; };
		C4383130298E4AE700A27A6D /* LandmarkDetail.swift */ = {isa = PBXFileReference; lastKnownFileType = sourcecode.swift; path = LandmarkDetail.swift; sourceTree = "<group>"; };
		C4383134298E5BBB00A27A6D /* LandmarkList.swift */ = {isa = PBXFileReference; lastKnownFileType = sourcecode.swift; path = LandmarkList.swift; sourceTree = "<group>"; };
		C4383138298E62F300A27A6D /* LandmarkCommands.swift */ = {isa = PBXFileReference; lastKnownFileType = sourcecode.swift; path = LandmarkCommands.swift; sourceTree = "<group>"; };
		C43BFBAB29778C83007324B1 /* ProfileEditor.swift */ = {isa = PBXFileReference; lastKnownFileType = sourcecode.swift; path = ProfileEditor.swift; sourceTree = "<group>"; };
		C449D694296E531D003E2D7F /* FavoriteButton.swift */ = {isa = PBXFileReference; lastKnownFileType = sourcecode.swift; path = FavoriteButton.swift; sourceTree = "<group>"; };
		C460C1B4298E05D600FECAC2 /* LandmarkDetail.swift */ = {isa = PBXFileReference; lastKnownFileType = sourcecode.swift; path = LandmarkDetail.swift; sourceTree = "<group>"; };
		C460C1B6298E0FF700FECAC2 /* NotificationView.swift */ = {isa = PBXFileReference; lastKnownFileType = sourcecode.swift; path = NotificationView.swift; sourceTree = "<group>"; };
		C4631C14297D773200D3C538 /* PageView.swift */ = {isa = PBXFileReference; lastKnownFileType = sourcecode.swift; path = PageView.swift; sourceTree = "<group>"; };
		C4631C16297D7CDA00D3C538 /* PageControl.swift */ = {isa = PBXFileReference; lastKnownFileType = sourcecode.swift; path = PageControl.swift; sourceTree = "<group>"; };
		C4631C1C297D80F100D3C538 /* WatchLandmarks Watch App.app */ = {isa = PBXFileReference; explicitFileType = wrapper.application; includeInIndex = 0; path = "WatchLandmarks Watch App.app"; sourceTree = BUILT_PRODUCTS_DIR; };
		C4631C20297D80F100D3C538 /* ContentView.swift */ = {isa = PBXFileReference; lastKnownFileType = sourcecode.swift; path = ContentView.swift; sourceTree = "<group>"; };
		C4631C22297D80F200D3C538 /* Assets.xcassets */ = {isa = PBXFileReference; lastKnownFileType = folder.assetcatalog; path = Assets.xcassets; sourceTree = "<group>"; };
		C4631C25297D80F200D3C538 /* Preview Assets.xcassets */ = {isa = PBXFileReference; lastKnownFileType = folder.assetcatalog; path = "Preview Assets.xcassets"; sourceTree = "<group>"; };
		C4684DEF2970FD33008FBF5A /* landmark_app_icon_167x167.png */ = {isa = PBXFileReference; lastKnownFileType = image.png; path = landmark_app_icon_167x167.png; sourceTree = "<group>"; };
		C4684DF02970FD33008FBF5A /* landmark_app_icon_60x60.png */ = {isa = PBXFileReference; lastKnownFileType = image.png; path = landmark_app_icon_60x60.png; sourceTree = "<group>"; };
		C4684DF12970FD33008FBF5A /* landmark_app_icon_58x58.png */ = {isa = PBXFileReference; lastKnownFileType = image.png; path = landmark_app_icon_58x58.png; sourceTree = "<group>"; };
		C4684DF22970FD33008FBF5A /* landmark_app_icon_40x40-1.png */ = {isa = PBXFileReference; lastKnownFileType = image.png; path = "landmark_app_icon_40x40-1.png"; sourceTree = "<group>"; };
		C4684DF32970FD33008FBF5A /* landmark_app_icon_40x40-2.png */ = {isa = PBXFileReference; lastKnownFileType = image.png; path = "landmark_app_icon_40x40-2.png"; sourceTree = "<group>"; };
		C4684DF42970FD33008FBF5A /* landmark_app_icon_29x29.png */ = {isa = PBXFileReference; lastKnownFileType = image.png; path = landmark_app_icon_29x29.png; sourceTree = "<group>"; };
		C4684DF52970FD33008FBF5A /* landmark_app_icon_76x76.png */ = {isa = PBXFileReference; lastKnownFileType = image.png; path = landmark_app_icon_76x76.png; sourceTree = "<group>"; };
		C4684DF62970FD33008FBF5A /* landmark_app_icon_120x120-1.png */ = {isa = PBXFileReference; lastKnownFileType = image.png; path = "landmark_app_icon_120x120-1.png"; sourceTree = "<group>"; };
		C4684DF72970FD33008FBF5A /* landmark_app_icon_20x20.png */ = {isa = PBXFileReference; lastKnownFileType = image.png; path = landmark_app_icon_20x20.png; sourceTree = "<group>"; };
		C4684DF82970FD33008FBF5A /* landmark_app_icon_80x80.png */ = {isa = PBXFileReference; lastKnownFileType = image.png; path = landmark_app_icon_80x80.png; sourceTree = "<group>"; };
		C4684DF92970FD33008FBF5A /* landmark_app_icon_80x80-1.png */ = {isa = PBXFileReference; lastKnownFileType = image.png; path = "landmark_app_icon_80x80-1.png"; sourceTree = "<group>"; };
		C4684DFA2970FD33008FBF5A /* landmark_app_icon_152x152.png */ = {isa = PBXFileReference; lastKnownFileType = image.png; path = landmark_app_icon_152x152.png; sourceTree = "<group>"; };
		C4684DFB2970FD33008FBF5A /* landmark_app_icon_40x40.png */ = {isa = PBXFileReference; lastKnownFileType = image.png; path = landmark_app_icon_40x40.png; sourceTree = "<group>"; };
		C4684DFC2970FD33008FBF5A /* landmark_app_icon_58x58-1.png */ = {isa = PBXFileReference; lastKnownFileType = image.png; path = "landmark_app_icon_58x58-1.png"; sourceTree = "<group>"; };
		C4684DFD2970FD33008FBF5A /* landmark_app_icon_87x87.png */ = {isa = PBXFileReference; lastKnownFileType = image.png; path = landmark_app_icon_87x87.png; sourceTree = "<group>"; };
		C4684DFE2970FD33008FBF5A /* landmark_app_icon_180x180.png */ = {isa = PBXFileReference; lastKnownFileType = image.png; path = landmark_app_icon_180x180.png; sourceTree = "<group>"; };
		C4684DFF2970FD33008FBF5A /* Contents.json */ = {isa = PBXFileReference; fileEncoding = 4; lastKnownFileType = text.json; path = Contents.json; sourceTree = "<group>"; };
		C4684E002970FD33008FBF5A /* landmark_app_icon_1024x1024.png */ = {isa = PBXFileReference; lastKnownFileType = image.png; path = landmark_app_icon_1024x1024.png; sourceTree = "<group>"; };
		C4684E012970FD33008FBF5A /* landmark_app_icon_120x120.png */ = {isa = PBXFileReference; lastKnownFileType = image.png; path = landmark_app_icon_120x120.png; sourceTree = "<group>"; };
		C4684E152970FD7E008FBF5A /* BadgeSymbol.swift */ = {isa = PBXFileReference; lastKnownFileType = sourcecode.swift; path = BadgeSymbol.swift; sourceTree = "<group>"; };
		C4684E172970FE69008FBF5A /* RotatedBadgeSymbol.swift */ = {isa = PBXFileReference; lastKnownFileType = sourcecode.swift; path = RotatedBadgeSymbol.swift; sourceTree = "<group>"; };
		C4684E192970FEAF008FBF5A /* Badge.swift */ = {isa = PBXFileReference; lastKnownFileType = sourcecode.swift; path = Badge.swift; sourceTree = "<group>"; };
		C4705CCD29765AF0004061AA /* Profile.swift */ = {isa = PBXFileReference; lastKnownFileType = sourcecode.swift; path = Profile.swift; sourceTree = "<group>"; };
		C4705CD029765B2F004061AA /* ProfileHost.swift */ = {isa = PBXFileReference; lastKnownFileType = sourcecode.swift; path = ProfileHost.swift; sourceTree = "<group>"; };
		C4705CD229765B9C004061AA /* ProfileSummary.swift */ = {isa = PBXFileReference; lastKnownFileType = sourcecode.swift; path = ProfileSummary.swift; sourceTree = "<group>"; };
		C4705CD429768936004061AA /* HikeBadge.swift */ = {isa = PBXFileReference; lastKnownFileType = sourcecode.swift; path = HikeBadge.swift; sourceTree = "<group>"; };
		C47076C6296D0B5900F7BDC5 /* landmarkData.json */ = {isa = PBXFileReference; fileEncoding = 4; lastKnownFileType = text.json; path = landmarkData.json; sourceTree = "<group>"; };
		C47076C8296D0B7000F7BDC5 /* Landmark.swift */ = {isa = PBXFileReference; lastKnownFileType = sourcecode.swift; path = Landmark.swift; sourceTree = "<group>"; };
		C47076CA296D0D5800F7BDC5 /* ModelData.swift */ = {isa = PBXFileReference; lastKnownFileType = sourcecode.swift; path = ModelData.swift; sourceTree = "<group>"; };
		C47076CF296D0E8A00F7BDC5 /* LandmarkRow.swift */ = {isa = PBXFileReference; lastKnownFileType = sourcecode.swift; path = LandmarkRow.swift; sourceTree = "<group>"; };
		C47076D1296D111200F7BDC5 /* LandmarksList.swift */ = {isa = PBXFileReference; lastKnownFileType = sourcecode.swift; path = LandmarksList.swift; sourceTree = "<group>"; };
		C47076D3296D124C00F7BDC5 /* LandmarkDetail.swift */ = {isa = PBXFileReference; lastKnownFileType = sourcecode.swift; path = LandmarkDetail.swift; sourceTree = "<group>"; };
		C4A093F229750C5600D8D0E4 /* CategoryItem.swift */ = {isa = PBXFileReference; lastKnownFileType = sourcecode.swift; path = CategoryItem.swift; sourceTree = "<group>"; };
		C4C8547E297BEBC30075AB4F /* PageViewController.swift */ = {isa = PBXFileReference; lastKnownFileType = sourcecode.swift; path = PageViewController.swift; sourceTree = "<group>"; };
		C4C85482297BF2B90075AB4F /* FeatureCard.swift */ = {isa = PBXFileReference; lastKnownFileType = sourcecode.swift; path = FeatureCard.swift; sourceTree = "<group>"; };
		C4D2F3B5296BB3E60072948E /* Landmarks.app */ = {isa = PBXFileReference; explicitFileType = wrapper.application; includeInIndex = 0; path = Landmarks.app; sourceTree = BUILT_PRODUCTS_DIR; };
		C4D2F3B8296BB3E60072948E /* LandmarksApp.swift */ = {isa = PBXFileReference; lastKnownFileType = sourcecode.swift; path = LandmarksApp.swift; sourceTree = "<group>"; };
		C4D2F3BA296BB3E60072948E /* ContentView.swift */ = {isa = PBXFileReference; lastKnownFileType = sourcecode.swift; path = ContentView.swift; sourceTree = "<group>"; };
		C4D2F3BC296BB3E70072948E /* Assets.xcassets */ = {isa = PBXFileReference; lastKnownFileType = folder.assetcatalog; path = Assets.xcassets; sourceTree = "<group>"; };
		C4D2F3BF296BB3E70072948E /* Preview Assets.xcassets */ = {isa = PBXFileReference; lastKnownFileType = folder.assetcatalog; path = "Preview Assets.xcassets"; sourceTree = "<group>"; };
		C4D2F3C6296BB7AD0072948E /* CircleImage.swift */ = {isa = PBXFileReference; lastKnownFileType = sourcecode.swift; path = CircleImage.swift; sourceTree = "<group>"; };
		C4D2F3C8296BB8BD0072948E /* MapView.swift */ = {isa = PBXFileReference; lastKnownFileType = sourcecode.swift; path = MapView.swift; sourceTree = "<group>"; };
		C4E6A5E52972E08300FBA849 /* hikeData.json */ = {isa = PBXFileReference; fileEncoding = 4; lastKnownFileType = text.json; path = hikeData.json; sourceTree = "<group>"; };
		C4E6A5E72972E15500FBA849 /* Hike.swift */ = {isa = PBXFileReference; lastKnownFileType = sourcecode.swift; path = Hike.swift; sourceTree = "<group>"; };
		C4E6A5EA2972E20900FBA849 /* GraphCapsule.swift */ = {isa = PBXFileReference; fileEncoding = 4; lastKnownFileType = sourcecode.swift; path = GraphCapsule.swift; sourceTree = "<group>"; };
		C4E6A5EB2972E20900FBA849 /* HikeGraph.swift */ = {isa = PBXFileReference; fileEncoding = 4; lastKnownFileType = sourcecode.swift; path = HikeGraph.swift; sourceTree = "<group>"; };
		C4E6A5EC2972E20900FBA849 /* HikeDetail.swift */ = {isa = PBXFileReference; fileEncoding = 4; lastKnownFileType = sourcecode.swift; path = HikeDetail.swift; sourceTree = "<group>"; };
		C4E6A5ED2972E20900FBA849 /* HikeView.swift */ = {isa = PBXFileReference; fileEncoding = 4; lastKnownFileType = sourcecode.swift; path = HikeView.swift; sourceTree = "<group>"; };
/* End PBXFileReference section */

/* Begin PBXFrameworksBuildPhase section */
		C4383111298E487E00A27A6D /* Frameworks */ = {
			isa = PBXFrameworksBuildPhase;
			buildActionMask = 2147483647;
			files = (
			);
			runOnlyForDeploymentPostprocessing = 0;
		};
		C4631C19297D80F100D3C538 /* Frameworks */ = {
			isa = PBXFrameworksBuildPhase;
			buildActionMask = 2147483647;
			files = (
			);
			runOnlyForDeploymentPostprocessing = 0;
		};
		C4D2F3B2296BB3E60072948E /* Frameworks */ = {
			isa = PBXFrameworksBuildPhase;
			buildActionMask = 2147483647;
			files = (
			);
			runOnlyForDeploymentPostprocessing = 0;
		};
/* End PBXFrameworksBuildPhase section */

/* Begin PBXGroup section */
		C406D79F297438C7008EE82D /* Categories */ = {
			isa = PBXGroup;
			children = (
				C406D7A0297438EC008EE82D /* CategoryHome.swift */,
				C406D7A229743D79008EE82D /* CategoryRow.swift */,
				C4A093F229750C5600D8D0E4 /* CategoryItem.swift */,
			);
			path = Categories;
			sourceTree = "<group>";
		};
		C4383115298E487E00A27A6D /* MacLandmarks */ = {
			isa = PBXGroup;
			children = (
				C4383118298E487E00A27A6D /* ContentView.swift */,
				C438311A298E487F00A27A6D /* Assets.xcassets */,
				C438311F298E487F00A27A6D /* MacLandmarks.entitlements */,
				C438311C298E487F00A27A6D /* Preview Content */,
				C4383130298E4AE700A27A6D /* LandmarkDetail.swift */,
				C4383138298E62F300A27A6D /* LandmarkCommands.swift */,
			);
			path = MacLandmarks;
			sourceTree = "<group>";
		};
		C438311C298E487F00A27A6D /* Preview Content */ = {
			isa = PBXGroup;
			children = (
				C438311D298E487F00A27A6D /* Preview Assets.xcassets */,
			);
			path = "Preview Content";
			sourceTree = "<group>";
		};
		C449D696296E53EA003E2D7F /* Helpers */ = {
			isa = PBXGroup;
			children = (
				C4D2F3C8296BB8BD0072948E /* MapView.swift */,
				C4D2F3C6296BB7AD0072948E /* CircleImage.swift */,
				C449D694296E531D003E2D7F /* FavoriteButton.swift */,
			);
			path = Helpers;
			sourceTree = "<group>";
		};
		C449D697296E53FC003E2D7F /* Landmarks */ = {
			isa = PBXGroup;
			children = (
				C47076CF296D0E8A00F7BDC5 /* LandmarkRow.swift */,
				C47076D1296D111200F7BDC5 /* LandmarksList.swift */,
				C47076D3296D124C00F7BDC5 /* LandmarkDetail.swift */,
			);
			path = Landmarks;
			sourceTree = "<group>";
		};
		C4631C1D297D80F100D3C538 /* WatchLandmarks Watch App */ = {
			isa = PBXGroup;
			children = (
				C4631C20297D80F100D3C538 /* ContentView.swift */,
				C460C1B6298E0FF700FECAC2 /* NotificationView.swift */,
				C4631C22297D80F200D3C538 /* Assets.xcassets */,
				C4631C24297D80F200D3C538 /* Preview Content */,
				C460C1B4298E05D600FECAC2 /* LandmarkDetail.swift */,
				C438310E298E43C800A27A6D /* ComplicationController.swift */,
				C4383106298E404C00A27A6D /* NotificationController.swift */,
				C438310C298E439400A27A6D /* PushNotificationPayload.apns */,
				C4383134298E5BBB00A27A6D /* LandmarkList.swift */,
			);
			path = "WatchLandmarks Watch App";
			sourceTree = "<group>";
		};
		C4631C24297D80F200D3C538 /* Preview Content */ = {
			isa = PBXGroup;
			children = (
				C4631C25297D80F200D3C538 /* Preview Assets.xcassets */,
			);
			path = "Preview Content";
			sourceTree = "<group>";
		};
		C4684DEE2970FD33008FBF5A /* AppIcon.appiconset */ = {
			isa = PBXGroup;
			children = (
				C4684DEF2970FD33008FBF5A /* landmark_app_icon_167x167.png */,
				C4684DF02970FD33008FBF5A /* landmark_app_icon_60x60.png */,
				C4684DF12970FD33008FBF5A /* landmark_app_icon_58x58.png */,
				C4684DF22970FD33008FBF5A /* landmark_app_icon_40x40-1.png */,
				C4684DF32970FD33008FBF5A /* landmark_app_icon_40x40-2.png */,
				C4684DF42970FD33008FBF5A /* landmark_app_icon_29x29.png */,
				C4684DF52970FD33008FBF5A /* landmark_app_icon_76x76.png */,
				C4684DF62970FD33008FBF5A /* landmark_app_icon_120x120-1.png */,
				C4684DF72970FD33008FBF5A /* landmark_app_icon_20x20.png */,
				C4684DF82970FD33008FBF5A /* landmark_app_icon_80x80.png */,
				C4684DF92970FD33008FBF5A /* landmark_app_icon_80x80-1.png */,
				C4684DFA2970FD33008FBF5A /* landmark_app_icon_152x152.png */,
				C4684DFB2970FD33008FBF5A /* landmark_app_icon_40x40.png */,
				C4684DFC2970FD33008FBF5A /* landmark_app_icon_58x58-1.png */,
				C4684DFD2970FD33008FBF5A /* landmark_app_icon_87x87.png */,
				C4684DFE2970FD33008FBF5A /* landmark_app_icon_180x180.png */,
				C4684DFF2970FD33008FBF5A /* Contents.json */,
				C4684E002970FD33008FBF5A /* landmark_app_icon_1024x1024.png */,
				C4684E012970FD33008FBF5A /* landmark_app_icon_120x120.png */,
			);
			path = AppIcon.appiconset;
			sourceTree = "<group>";
		};
		C4684E1B2970FFD3008FBF5A /* Badges */ = {
			isa = PBXGroup;
			children = (
				C4684E152970FD7E008FBF5A /* BadgeSymbol.swift */,
				C43138902970287100264C64 /* HexagonParameters.swift */,
				C4684E172970FE69008FBF5A /* RotatedBadgeSymbol.swift */,
				C4684E192970FEAF008FBF5A /* Badge.swift */,
				C431389229702A7A00264C64 /* BadgeBackground.swift */,
			);
			path = Badges;
			sourceTree = "<group>";
		};
		C4705CCF29765B12004061AA /* Profiles */ = {
			isa = PBXGroup;
			children = (
				C4705CD029765B2F004061AA /* ProfileHost.swift */,
				C4705CD229765B9C004061AA /* ProfileSummary.swift */,
				C43BFBAB29778C83007324B1 /* ProfileEditor.swift */,
			);
			path = Profiles;
			sourceTree = "<group>";
		};
		C47076CC296D0DE000F7BDC5 /* Views */ = {
			isa = PBXGroup;
			children = (
				C4C8547D297BEB940075AB4F /* PageView */,
				C4705CCF29765B12004061AA /* Profiles */,
				C406D79F297438C7008EE82D /* Categories */,
				C4E6A5E92972E20900FBA849 /* Hikes */,
				C449D696296E53EA003E2D7F /* Helpers */,
				C4D2F3BA296BB3E60072948E /* ContentView.swift */,
				C449D697296E53FC003E2D7F /* Landmarks */,
			);
			path = Views;
			sourceTree = "<group>";
		};
		C47076CD296D0E0300F7BDC5 /* Model */ = {
			isa = PBXGroup;
			children = (
				C47076C8296D0B7000F7BDC5 /* Landmark.swift */,
				C47076CA296D0D5800F7BDC5 /* ModelData.swift */,
				C4E6A5E72972E15500FBA849 /* Hike.swift */,
				C4705CCD29765AF0004061AA /* Profile.swift */,
			);
			path = Model;
			sourceTree = "<group>";
		};
		C47076CE296D0E0D00F7BDC5 /* Resources */ = {
			isa = PBXGroup;
			children = (
				C4E6A5E52972E08300FBA849 /* hikeData.json */,
				C47076C6296D0B5900F7BDC5 /* landmarkData.json */,
			);
			path = Resources;
			sourceTree = "<group>";
		};
		C4C8547D297BEB940075AB4F /* PageView */ = {
			isa = PBXGroup;
			children = (
				C4C8547E297BEBC30075AB4F /* PageViewController.swift */,
				C4C85482297BF2B90075AB4F /* FeatureCard.swift */,
				C4631C14297D773200D3C538 /* PageView.swift */,
				C4631C16297D7CDA00D3C538 /* PageControl.swift */,
			);
			path = PageView;
			sourceTree = "<group>";
		};
		C4D2F3AC296BB3E60072948E = {
			isa = PBXGroup;
			children = (
				C4D2F3B7296BB3E60072948E /* Landmarks */,
				C4631C1D297D80F100D3C538 /* WatchLandmarks Watch App */,
				C4383115298E487E00A27A6D /* MacLandmarks */,
				C4D2F3B6296BB3E60072948E /* Products */,
			);
			sourceTree = "<group>";
		};
		C4D2F3B6296BB3E60072948E /* Products */ = {
			isa = PBXGroup;
			children = (
				C4D2F3B5296BB3E60072948E /* Landmarks.app */,
				C4631C1C297D80F100D3C538 /* WatchLandmarks Watch App.app */,
				C4383114298E487E00A27A6D /* MacLandmarks.app */,
			);
			name = Products;
			sourceTree = "<group>";
		};
		C4D2F3B7296BB3E60072948E /* Landmarks */ = {
			isa = PBXGroup;
			children = (
				C47076CE296D0E0D00F7BDC5 /* Resources */,
				C47076CD296D0E0300F7BDC5 /* Model */,
				C47076CC296D0DE000F7BDC5 /* Views */,
				C4D2F3B8296BB3E60072948E /* LandmarksApp.swift */,
				C4684E1B2970FFD3008FBF5A /* Badges */,
				C4684DEE2970FD33008FBF5A /* AppIcon.appiconset */,
				C4D2F3BC296BB3E70072948E /* Assets.xcassets */,
				C4D2F3BE296BB3E70072948E /* Preview Content */,
			);
			path = Landmarks;
			sourceTree = "<group>";
		};
		C4D2F3BE296BB3E70072948E /* Preview Content */ = {
			isa = PBXGroup;
			children = (
				C4D2F3BF296BB3E70072948E /* Preview Assets.xcassets */,
			);
			path = "Preview Content";
			sourceTree = "<group>";
		};
		C4E6A5E92972E20900FBA849 /* Hikes */ = {
			isa = PBXGroup;
			children = (
				C4E6A5EA2972E20900FBA849 /* GraphCapsule.swift */,
				C4E6A5EB2972E20900FBA849 /* HikeGraph.swift */,
				C4E6A5EC2972E20900FBA849 /* HikeDetail.swift */,
				C4E6A5ED2972E20900FBA849 /* HikeView.swift */,
				C4705CD429768936004061AA /* HikeBadge.swift */,
			);
			path = Hikes;
			sourceTree = "<group>";
		};
/* End PBXGroup section */

/* Begin PBXNativeTarget section */
		C4383113298E487E00A27A6D /* MacLandmarks */ = {
			isa = PBXNativeTarget;
			buildConfigurationList = C4383120298E487F00A27A6D /* Build configuration list for PBXNativeTarget "MacLandmarks" */;
			buildPhases = (
				C4383110298E487E00A27A6D /* Sources */,
				C4383111298E487E00A27A6D /* Frameworks */,
				C4383112298E487E00A27A6D /* Resources */,
			);
			buildRules = (
			);
			dependencies = (
			);
			name = MacLandmarks;
			productName = MacLandmarks;
			productReference = C4383114298E487E00A27A6D /* MacLandmarks.app */;
			productType = "com.apple.product-type.application";
		};
		C4631C1B297D80F100D3C538 /* WatchLandmarks Watch App */ = {
			isa = PBXNativeTarget;
			buildConfigurationList = C4631C27297D80F200D3C538 /* Build configuration list for PBXNativeTarget "WatchLandmarks Watch App" */;
			buildPhases = (
				C4631C18297D80F100D3C538 /* Sources */,
				C4631C19297D80F100D3C538 /* Frameworks */,
				C4631C1A297D80F100D3C538 /* Resources */,
			);
			buildRules = (
			);
			dependencies = (
			);
			name = "WatchLandmarks Watch App";
			productName = "WatchLandmarks Watch App";
			productReference = C4631C1C297D80F100D3C538 /* WatchLandmarks Watch App.app */;
			productType = "com.apple.product-type.application";
		};
		C4D2F3B4296BB3E60072948E /* Landmarks */ = {
			isa = PBXNativeTarget;
			buildConfigurationList = C4D2F3C3296BB3E70072948E /* Build configuration list for PBXNativeTarget "Landmarks" */;
			buildPhases = (
				C4D2F3B1296BB3E60072948E /* Sources */,
				C4D2F3B2296BB3E60072948E /* Frameworks */,
				C4D2F3B3296BB3E60072948E /* Resources */,
			);
			buildRules = (
			);
			dependencies = (
			);
			name = Landmarks;
			productName = Landmarks;
			productReference = C4D2F3B5296BB3E60072948E /* Landmarks.app */;
			productType = "com.apple.product-type.application";
		};
/* End PBXNativeTarget section */

/* Begin PBXProject section */
		C4D2F3AD296BB3E60072948E /* Project object */ = {
			isa = PBXProject;
			attributes = {
				BuildIndependentTargetsInParallel = 1;
				LastSwiftUpdateCheck = 1420;
				LastUpgradeCheck = 1420;
				TargetAttributes = {
					C4383113298E487E00A27A6D = {
						CreatedOnToolsVersion = 14.2;
					};
					C4631C1B297D80F100D3C538 = {
						CreatedOnToolsVersion = 14.2;
					};
					C4D2F3B4296BB3E60072948E = {
						CreatedOnToolsVersion = 14.2;
					};
				};
			};
			buildConfigurationList = C4D2F3B0296BB3E60072948E /* Build configuration list for PBXProject "Landmarks" */;
			compatibilityVersion = "Xcode 14.0";
			developmentRegion = en;
			hasScannedForEncodings = 0;
			knownRegions = (
				en,
				Base,
			);
			mainGroup = C4D2F3AC296BB3E60072948E;
			productRefGroup = C4D2F3B6296BB3E60072948E /* Products */;
			projectDirPath = "";
			projectRoot = "";
			targets = (
				C4D2F3B4296BB3E60072948E /* Landmarks */,
				C4631C1B297D80F100D3C538 /* WatchLandmarks Watch App */,
				C4383113298E487E00A27A6D /* MacLandmarks */,
			);
		};
/* End PBXProject section */

/* Begin PBXResourcesBuildPhase section */
		C4383112298E487E00A27A6D /* Resources */ = {
			isa = PBXResourcesBuildPhase;
			buildActionMask = 2147483647;
			files = (
				C438311E298E487F00A27A6D /* Preview Assets.xcassets in Resources */,
				C4383123298E49E700A27A6D /* hikeData.json in Resources */,
				C4383129298E49E700A27A6D /* Assets.xcassets in Resources */,
				C438312A298E49E700A27A6D /* landmarkData.json in Resources */,
				C438311B298E487F00A27A6D /* Assets.xcassets in Resources */,
			);
			runOnlyForDeploymentPostprocessing = 0;
		};
		C4631C1A297D80F100D3C538 /* Resources */ = {
			isa = PBXResourcesBuildPhase;
			buildActionMask = 2147483647;
			files = (
				C4631C26297D80F200D3C538 /* Preview Assets.xcassets in Resources */,
				C460C1AC298E050D00FECAC2 /* landmarkData.json in Resources */,
				C460C1A9298E050D00FECAC2 /* hikeData.json in Resources */,
				C4631C23297D80F200D3C538 /* Assets.xcassets in Resources */,
				C460C1B2298E050D00FECAC2 /* Assets.xcassets in Resources */,
				C438310D298E439400A27A6D /* PushNotificationPayload.apns in Resources */,
			);
			runOnlyForDeploymentPostprocessing = 0;
		};
		C4D2F3B3296BB3E60072948E /* Resources */ = {
			isa = PBXResourcesBuildPhase;
			buildActionMask = 2147483647;
			files = (
				C4684E062970FD33008FBF5A /* landmark_app_icon_40x40-2.png in Resources */,
				C4684E0F2970FD33008FBF5A /* landmark_app_icon_58x58-1.png in Resources */,
				C4684E032970FD33008FBF5A /* landmark_app_icon_60x60.png in Resources */,
				C4D2F3C0296BB3E70072948E /* Preview Assets.xcassets in Resources */,
				C4684E072970FD33008FBF5A /* landmark_app_icon_29x29.png in Resources */,
				C4684E022970FD33008FBF5A /* landmark_app_icon_167x167.png in Resources */,
				C4684E0B2970FD33008FBF5A /* landmark_app_icon_80x80.png in Resources */,
				C4684E102970FD33008FBF5A /* landmark_app_icon_87x87.png in Resources */,
				C4684E132970FD33008FBF5A /* landmark_app_icon_1024x1024.png in Resources */,
				C4684E082970FD33008FBF5A /* landmark_app_icon_76x76.png in Resources */,
				C4D2F3BD296BB3E70072948E /* Assets.xcassets in Resources */,
				C4684E0A2970FD33008FBF5A /* landmark_app_icon_20x20.png in Resources */,
				C47076C7296D0B5900F7BDC5 /* landmarkData.json in Resources */,
				C4684E0D2970FD33008FBF5A /* landmark_app_icon_152x152.png in Resources */,
				C4684E042970FD33008FBF5A /* landmark_app_icon_58x58.png in Resources */,
				C4E6A5E62972E08300FBA849 /* hikeData.json in Resources */,
				C4684E142970FD33008FBF5A /* landmark_app_icon_120x120.png in Resources */,
				C4684E112970FD33008FBF5A /* landmark_app_icon_180x180.png in Resources */,
				C4684E122970FD33008FBF5A /* Contents.json in Resources */,
				C4684E0C2970FD33008FBF5A /* landmark_app_icon_80x80-1.png in Resources */,
				C4684E092970FD33008FBF5A /* landmark_app_icon_120x120-1.png in Resources */,
				C4684E052970FD33008FBF5A /* landmark_app_icon_40x40-1.png in Resources */,
				C4684E0E2970FD33008FBF5A /* landmark_app_icon_40x40.png in Resources */,
			);
			runOnlyForDeploymentPostprocessing = 0;
		};
/* End PBXResourcesBuildPhase section */

/* Begin PBXSourcesBuildPhase section */
		C4383110298E487E00A27A6D /* Sources */ = {
			isa = PBXSourcesBuildPhase;
			buildActionMask = 2147483647;
			files = (
				C4383119298E487E00A27A6D /* ContentView.swift in Sources */,
				C4383126298E49E700A27A6D /* Profile.swift in Sources */,
				C4383124298E49E700A27A6D /* FavoriteButton.swift in Sources */,
				C438312F298E49E700A27A6D /* MapView.swift in Sources */,
				C438313A298E62F300A27A6D /* LandmarkCommands.swift in Sources */,
				C4383131298E4AE700A27A6D /* LandmarkDetail.swift in Sources */,
				C4383127298E49E700A27A6D /* LandmarksApp.swift in Sources */,
				C4383125298E49E700A27A6D /* LandmarkRow.swift in Sources */,
				C438312D298E49E700A27A6D /* Landmark.swift in Sources */,
				C438312B298E49E700A27A6D /* LandmarksList.swift in Sources */,
				C438312C298E49E700A27A6D /* Hike.swift in Sources */,
				C4383128298E49E700A27A6D /* ModelData.swift in Sources */,
				C438312E298E49E700A27A6D /* CircleImage.swift in Sources */,
			);
			runOnlyForDeploymentPostprocessing = 0;
		};
		C4631C18297D80F100D3C538 /* Sources */ = {
			isa = PBXSourcesBuildPhase;
			buildActionMask = 2147483647;
			files = (
				C460C1AF298E050D00FECAC2 /* MapView.swift in Sources */,
				C460C1B0298E050D00FECAC2 /* CircleImage.swift in Sources */,
				C460C1AE298E050D00FECAC2 /* Hike.swift in Sources */,
				C4631C21297D80F100D3C538 /* ContentView.swift in Sources */,
				C4383135298E5BBB00A27A6D /* LandmarkList.swift in Sources */,
				C460C1AA298E050D00FECAC2 /* Profile.swift in Sources */,
				C460C1AD298E050D00FECAC2 /* ModelData.swift in Sources */,
				C460C1A8298E050D00FECAC2 /* Landmark.swift in Sources */,
				C460C1AB298E050D00FECAC2 /* LandmarksApp.swift in Sources */,
				C4383107298E404C00A27A6D /* NotificationController.swift in Sources */,
				C460C1B1298E050D00FECAC2 /* LandmarkRow.swift in Sources */,
				C438310F298E43C800A27A6D /* ComplicationController.swift in Sources */,
				C460C1B5298E05D600FECAC2 /* LandmarkDetail.swift in Sources */,
				C460C1B7298E0FF700FECAC2 /* NotificationView.swift in Sources */,
			);
			runOnlyForDeploymentPostprocessing = 0;
		};
		C4D2F3B1296BB3E60072948E /* Sources */ = {
			isa = PBXSourcesBuildPhase;
			buildActionMask = 2147483647;
			files = (
				C406D7A329743D79008EE82D /* CategoryRow.swift in Sources */,
				C4705CCE29765AF0004061AA /* Profile.swift in Sources */,
				C4383139298E62F300A27A6D /* LandmarkCommands.swift in Sources */,
				C4D2F3BB296BB3E60072948E /* ContentView.swift in Sources */,
				C406D7A1297438EC008EE82D /* CategoryHome.swift in Sources */,
				C4C85483297BF2B90075AB4F /* FeatureCard.swift in Sources */,
				C4E6A5EF2972E20900FBA849 /* HikeGraph.swift in Sources */,
				C4684E1A2970FEAF008FBF5A /* Badge.swift in Sources */,
				C4D2F3C9296BB8BD0072948E /* MapView.swift in Sources */,
				C4E6A5EE2972E20900FBA849 /* GraphCapsule.swift in Sources */,
				C4D2F3B9296BB3E60072948E /* LandmarksApp.swift in Sources */,
				C4631C17297D7CDA00D3C538 /* PageControl.swift in Sources */,
				C449D695296E531D003E2D7F /* FavoriteButton.swift in Sources */,
				C4A093F329750C5600D8D0E4 /* CategoryItem.swift in Sources */,
				C4E6A5F02972E20900FBA849 /* HikeDetail.swift in Sources */,
				C4705CD329765B9C004061AA /* ProfileSummary.swift in Sources */,
				C43138912970287100264C64 /* HexagonParameters.swift in Sources */,
				C4705CD129765B2F004061AA /* ProfileHost.swift in Sources */,
				C4E6A5E82972E15500FBA849 /* Hike.swift in Sources */,
				C4684E182970FE69008FBF5A /* RotatedBadgeSymbol.swift in Sources */,
				C4631C15297D773200D3C538 /* PageView.swift in Sources */,
				C4684E162970FD7E008FBF5A /* BadgeSymbol.swift in Sources */,
				C43BFBAC29778C83007324B1 /* ProfileEditor.swift in Sources */,
				C4D2F3C7296BB7AD0072948E /* CircleImage.swift in Sources */,
				C4E6A5F12972E20900FBA849 /* HikeView.swift in Sources */,
				C47076D4296D124C00F7BDC5 /* LandmarkDetail.swift in Sources */,
				C4C8547F297BEBC30075AB4F /* PageViewController.swift in Sources */,
				C431389329702A7A00264C64 /* BadgeBackground.swift in Sources */,
				C4705CD529768936004061AA /* HikeBadge.swift in Sources */,
				C47076C9296D0B7000F7BDC5 /* Landmark.swift in Sources */,
				C47076D0296D0E8A00F7BDC5 /* LandmarkRow.swift in Sources */,
				C47076CB296D0D5800F7BDC5 /* ModelData.swift in Sources */,
				C47076D2296D111200F7BDC5 /* LandmarksList.swift in Sources */,
			);
			runOnlyForDeploymentPostprocessing = 0;
		};
/* End PBXSourcesBuildPhase section */

/* Begin XCBuildConfiguration section */
		C4383121298E487F00A27A6D /* Debug */ = {
			isa = XCBuildConfiguration;
			buildSettings = {
				ASSETCATALOG_COMPILER_APPICON_NAME = AppIcon;
				ASSETCATALOG_COMPILER_GLOBAL_ACCENT_COLOR_NAME = AccentColor;
				CODE_SIGN_ENTITLEMENTS = MacLandmarks/MacLandmarks.entitlements;
				CODE_SIGN_STYLE = Automatic;
				COMBINE_HIDPI_IMAGES = YES;
				CURRENT_PROJECT_VERSION = 1;
				DEVELOPMENT_ASSET_PATHS = "\"MacLandmarks/Preview Content\"";
				ENABLE_PREVIEWS = YES;
				GENERATE_INFOPLIST_FILE = YES;
				INFOPLIST_KEY_NSHumanReadableCopyright = "";
				LD_RUNPATH_SEARCH_PATHS = (
					"$(inherited)",
					"@executable_path/../Frameworks",
				);
				MACOSX_DEPLOYMENT_TARGET = 13.1;
				MARKETING_VERSION = 1.0;
				PRODUCT_BUNDLE_IDENTIFIER = com.satej.MacLandmarks;
				PRODUCT_NAME = "$(TARGET_NAME)";
				SDKROOT = macosx;
				SWIFT_EMIT_LOC_STRINGS = YES;
				SWIFT_VERSION = 5.0;
			};
			name = Debug;
		};
		C4383122298E487F00A27A6D /* Release */ = {
			isa = XCBuildConfiguration;
			buildSettings = {
				ASSETCATALOG_COMPILER_APPICON_NAME = AppIcon;
				ASSETCATALOG_COMPILER_GLOBAL_ACCENT_COLOR_NAME = AccentColor;
				CODE_SIGN_ENTITLEMENTS = MacLandmarks/MacLandmarks.entitlements;
				CODE_SIGN_STYLE = Automatic;
				COMBINE_HIDPI_IMAGES = YES;
				CURRENT_PROJECT_VERSION = 1;
				DEVELOPMENT_ASSET_PATHS = "\"MacLandmarks/Preview Content\"";
				ENABLE_PREVIEWS = YES;
				GENERATE_INFOPLIST_FILE = YES;
				INFOPLIST_KEY_NSHumanReadableCopyright = "";
				LD_RUNPATH_SEARCH_PATHS = (
					"$(inherited)",
					"@executable_path/../Frameworks",
				);
				MACOSX_DEPLOYMENT_TARGET = 13.1;
				MARKETING_VERSION = 1.0;
				PRODUCT_BUNDLE_IDENTIFIER = com.satej.MacLandmarks;
				PRODUCT_NAME = "$(TARGET_NAME)";
				SDKROOT = macosx;
				SWIFT_EMIT_LOC_STRINGS = YES;
				SWIFT_VERSION = 5.0;
			};
			name = Release;
		};
		C4631C28297D80F200D3C538 /* Debug */ = {
			isa = XCBuildConfiguration;
			buildSettings = {
				ASSETCATALOG_COMPILER_APPICON_NAME = AppIcon;
				ASSETCATALOG_COMPILER_GLOBAL_ACCENT_COLOR_NAME = AccentColor;
				CODE_SIGN_STYLE = Automatic;
				CURRENT_PROJECT_VERSION = 1;
				DEVELOPMENT_ASSET_PATHS = "\"WatchLandmarks Watch App/Preview Content\"";
				ENABLE_PREVIEWS = YES;
				GENERATE_INFOPLIST_FILE = YES;
				INFOPLIST_KEY_CFBundleDisplayName = WatchLandmarks;
				INFOPLIST_KEY_UISupportedInterfaceOrientations = "UIInterfaceOrientationPortrait UIInterfaceOrientationPortraitUpsideDown";
				INFOPLIST_KEY_WKCompanionAppBundleIdentifier = "";
				INFOPLIST_KEY_WKRunsIndependentlyOfCompanionApp = YES;
				LD_RUNPATH_SEARCH_PATHS = (
					"$(inherited)",
					"@executable_path/Frameworks",
				);
				MARKETING_VERSION = 1.0;
				PRODUCT_BUNDLE_IDENTIFIER = .watchkitapp;
				PRODUCT_NAME = "$(TARGET_NAME)";
				SDKROOT = watchos;
				SKIP_INSTALL = YES;
				SWIFT_EMIT_LOC_STRINGS = YES;
				SWIFT_VERSION = 5.0;
				TARGETED_DEVICE_FAMILY = 4;
				WATCHOS_DEPLOYMENT_TARGET = 9.1;
			};
			name = Debug;
		};
		C4631C29297D80F200D3C538 /* Release */ = {
			isa = XCBuildConfiguration;
			buildSettings = {
				ASSETCATALOG_COMPILER_APPICON_NAME = AppIcon;
				ASSETCATALOG_COMPILER_GLOBAL_ACCENT_COLOR_NAME = AccentColor;
				CODE_SIGN_STYLE = Automatic;
				CURRENT_PROJECT_VERSION = 1;
				DEVELOPMENT_ASSET_PATHS = "\"WatchLandmarks Watch App/Preview Content\"";
				ENABLE_PREVIEWS = YES;
				GENERATE_INFOPLIST_FILE = YES;
				INFOPLIST_KEY_CFBundleDisplayName = WatchLandmarks;
				INFOPLIST_KEY_UISupportedInterfaceOrientations = "UIInterfaceOrientationPortrait UIInterfaceOrientationPortraitUpsideDown";
				INFOPLIST_KEY_WKCompanionAppBundleIdentifier = "";
				INFOPLIST_KEY_WKRunsIndependentlyOfCompanionApp = YES;
				LD_RUNPATH_SEARCH_PATHS = (
					"$(inherited)",
					"@executable_path/Frameworks",
				);
				MARKETING_VERSION = 1.0;
				PRODUCT_BUNDLE_IDENTIFIER = .watchkitapp;
				PRODUCT_NAME = "$(TARGET_NAME)";
				SDKROOT = watchos;
				SKIP_INSTALL = YES;
				SWIFT_EMIT_LOC_STRINGS = YES;
				SWIFT_VERSION = 5.0;
				TARGETED_DEVICE_FAMILY = 4;
				WATCHOS_DEPLOYMENT_TARGET = 9.1;
			};
			name = Release;
		};
		C4D2F3C1296BB3E70072948E /* Debug */ = {
			isa = XCBuildConfiguration;
			buildSettings = {
				ALWAYS_SEARCH_USER_PATHS = NO;
				CLANG_ANALYZER_NONNULL = YES;
				CLANG_ANALYZER_NUMBER_OBJECT_CONVERSION = YES_AGGRESSIVE;
				CLANG_CXX_LANGUAGE_STANDARD = "gnu++20";
				CLANG_ENABLE_MODULES = YES;
				CLANG_ENABLE_OBJC_ARC = YES;
				CLANG_ENABLE_OBJC_WEAK = YES;
				CLANG_WARN_BLOCK_CAPTURE_AUTORELEASING = YES;
				CLANG_WARN_BOOL_CONVERSION = YES;
				CLANG_WARN_COMMA = YES;
				CLANG_WARN_CONSTANT_CONVERSION = YES;
				CLANG_WARN_DEPRECATED_OBJC_IMPLEMENTATIONS = YES;
				CLANG_WARN_DIRECT_OBJC_ISA_USAGE = YES_ERROR;
				CLANG_WARN_DOCUMENTATION_COMMENTS = YES;
				CLANG_WARN_EMPTY_BODY = YES;
				CLANG_WARN_ENUM_CONVERSION = YES;
				CLANG_WARN_INFINITE_RECURSION = YES;
				CLANG_WARN_INT_CONVERSION = YES;
				CLANG_WARN_NON_LITERAL_NULL_CONVERSION = YES;
				CLANG_WARN_OBJC_IMPLICIT_RETAIN_SELF = YES;
				CLANG_WARN_OBJC_LITERAL_CONVERSION = YES;
				CLANG_WARN_OBJC_ROOT_CLASS = YES_ERROR;
				CLANG_WARN_QUOTED_INCLUDE_IN_FRAMEWORK_HEADER = YES;
				CLANG_WARN_RANGE_LOOP_ANALYSIS = YES;
				CLANG_WARN_STRICT_PROTOTYPES = YES;
				CLANG_WARN_SUSPICIOUS_MOVE = YES;
				CLANG_WARN_UNGUARDED_AVAILABILITY = YES_AGGRESSIVE;
				CLANG_WARN_UNREACHABLE_CODE = YES;
				CLANG_WARN__DUPLICATE_METHOD_MATCH = YES;
				COPY_PHASE_STRIP = NO;
				DEBUG_INFORMATION_FORMAT = dwarf;
				ENABLE_STRICT_OBJC_MSGSEND = YES;
				ENABLE_TESTABILITY = YES;
				GCC_C_LANGUAGE_STANDARD = gnu11;
				GCC_DYNAMIC_NO_PIC = NO;
				GCC_NO_COMMON_BLOCKS = YES;
				GCC_OPTIMIZATION_LEVEL = 0;
				GCC_PREPROCESSOR_DEFINITIONS = (
					"DEBUG=1",
					"$(inherited)",
				);
				GCC_WARN_64_TO_32_BIT_CONVERSION = YES;
				GCC_WARN_ABOUT_RETURN_TYPE = YES_ERROR;
				GCC_WARN_UNDECLARED_SELECTOR = YES;
				GCC_WARN_UNINITIALIZED_AUTOS = YES_AGGRESSIVE;
				GCC_WARN_UNUSED_FUNCTION = YES;
				GCC_WARN_UNUSED_VARIABLE = YES;
				IPHONEOS_DEPLOYMENT_TARGET = 16.2;
				MTL_ENABLE_DEBUG_INFO = INCLUDE_SOURCE;
				MTL_FAST_MATH = YES;
				ONLY_ACTIVE_ARCH = YES;
				SDKROOT = iphoneos;
				SWIFT_ACTIVE_COMPILATION_CONDITIONS = DEBUG;
				SWIFT_OPTIMIZATION_LEVEL = "-Onone";
			};
			name = Debug;
		};
		C4D2F3C2296BB3E70072948E /* Release */ = {
			isa = XCBuildConfiguration;
			buildSettings = {
				ALWAYS_SEARCH_USER_PATHS = NO;
				CLANG_ANALYZER_NONNULL = YES;
				CLANG_ANALYZER_NUMBER_OBJECT_CONVERSION = YES_AGGRESSIVE;
				CLANG_CXX_LANGUAGE_STANDARD = "gnu++20";
				CLANG_ENABLE_MODULES = YES;
				CLANG_ENABLE_OBJC_ARC = YES;
				CLANG_ENABLE_OBJC_WEAK = YES;
				CLANG_WARN_BLOCK_CAPTURE_AUTORELEASING = YES;
				CLANG_WARN_BOOL_CONVERSION = YES;
				CLANG_WARN_COMMA = YES;
				CLANG_WARN_CONSTANT_CONVERSION = YES;
				CLANG_WARN_DEPRECATED_OBJC_IMPLEMENTATIONS = YES;
				CLANG_WARN_DIRECT_OBJC_ISA_USAGE = YES_ERROR;
				CLANG_WARN_DOCUMENTATION_COMMENTS = YES;
				CLANG_WARN_EMPTY_BODY = YES;
				CLANG_WARN_ENUM_CONVERSION = YES;
				CLANG_WARN_INFINITE_RECURSION = YES;
				CLANG_WARN_INT_CONVERSION = YES;
				CLANG_WARN_NON_LITERAL_NULL_CONVERSION = YES;
				CLANG_WARN_OBJC_IMPLICIT_RETAIN_SELF = YES;
				CLANG_WARN_OBJC_LITERAL_CONVERSION = YES;
				CLANG_WARN_OBJC_ROOT_CLASS = YES_ERROR;
				CLANG_WARN_QUOTED_INCLUDE_IN_FRAMEWORK_HEADER = YES;
				CLANG_WARN_RANGE_LOOP_ANALYSIS = YES;
				CLANG_WARN_STRICT_PROTOTYPES = YES;
				CLANG_WARN_SUSPICIOUS_MOVE = YES;
				CLANG_WARN_UNGUARDED_AVAILABILITY = YES_AGGRESSIVE;
				CLANG_WARN_UNREACHABLE_CODE = YES;
				CLANG_WARN__DUPLICATE_METHOD_MATCH = YES;
				COPY_PHASE_STRIP = NO;
				DEBUG_INFORMATION_FORMAT = "dwarf-with-dsym";
				ENABLE_NS_ASSERTIONS = NO;
				ENABLE_STRICT_OBJC_MSGSEND = YES;
				GCC_C_LANGUAGE_STANDARD = gnu11;
				GCC_NO_COMMON_BLOCKS = YES;
				GCC_WARN_64_TO_32_BIT_CONVERSION = YES;
				GCC_WARN_ABOUT_RETURN_TYPE = YES_ERROR;
				GCC_WARN_UNDECLARED_SELECTOR = YES;
				GCC_WARN_UNINITIALIZED_AUTOS = YES_AGGRESSIVE;
				GCC_WARN_UNUSED_FUNCTION = YES;
				GCC_WARN_UNUSED_VARIABLE = YES;
				IPHONEOS_DEPLOYMENT_TARGET = 16.2;
				MTL_ENABLE_DEBUG_INFO = NO;
				MTL_FAST_MATH = YES;
				SDKROOT = iphoneos;
				SWIFT_COMPILATION_MODE = wholemodule;
				SWIFT_OPTIMIZATION_LEVEL = "-O";
				VALIDATE_PRODUCT = YES;
			};
			name = Release;
		};
		C4D2F3C4296BB3E70072948E /* Debug */ = {
			isa = XCBuildConfiguration;
			buildSettings = {
				ASSETCATALOG_COMPILER_APPICON_NAME = AppIcon;
				ASSETCATALOG_COMPILER_GLOBAL_ACCENT_COLOR_NAME = AccentColor;
				CODE_SIGN_STYLE = Automatic;
				CURRENT_PROJECT_VERSION = 1;
				DEVELOPMENT_ASSET_PATHS = "\"Landmarks/Preview Content\"";
				ENABLE_PREVIEWS = YES;
				GENERATE_INFOPLIST_FILE = YES;
				INFOPLIST_KEY_UIApplicationSceneManifest_Generation = YES;
				INFOPLIST_KEY_UIApplicationSupportsIndirectInputEvents = YES;
				INFOPLIST_KEY_UILaunchScreen_Generation = YES;
				INFOPLIST_KEY_UISupportedInterfaceOrientations_iPad = "UIInterfaceOrientationPortrait UIInterfaceOrientationPortraitUpsideDown UIInterfaceOrientationLandscapeLeft UIInterfaceOrientationLandscapeRight";
				INFOPLIST_KEY_UISupportedInterfaceOrientations_iPhone = "UIInterfaceOrientationPortrait UIInterfaceOrientationLandscapeLeft UIInterfaceOrientationLandscapeRight";
				LD_RUNPATH_SEARCH_PATHS = (
					"$(inherited)",
					"@executable_path/Frameworks",
				);
				MARKETING_VERSION = 1.0;
				PRODUCT_BUNDLE_IDENTIFIER = com.satej.Landmarks;
				PRODUCT_NAME = "$(TARGET_NAME)";
				SWIFT_EMIT_LOC_STRINGS = YES;
				SWIFT_VERSION = 5.0;
				TARGETED_DEVICE_FAMILY = "1,2";
			};
			name = Debug;
		};
		C4D2F3C5296BB3E70072948E /* Release */ = {
			isa = XCBuildConfiguration;
			buildSettings = {
				ASSETCATALOG_COMPILER_APPICON_NAME = AppIcon;
				ASSETCATALOG_COMPILER_GLOBAL_ACCENT_COLOR_NAME = AccentColor;
				CODE_SIGN_STYLE = Automatic;
				CURRENT_PROJECT_VERSION = 1;
				DEVELOPMENT_ASSET_PATHS = "\"Landmarks/Preview Content\"";
				ENABLE_PREVIEWS = YES;
				GENERATE_INFOPLIST_FILE = YES;
				INFOPLIST_KEY_UIApplicationSceneManifest_Generation = YES;
				INFOPLIST_KEY_UIApplicationSupportsIndirectInputEvents = YES;
				INFOPLIST_KEY_UILaunchScreen_Generation = YES;
				INFOPLIST_KEY_UISupportedInterfaceOrientations_iPad = "UIInterfaceOrientationPortrait UIInterfaceOrientationPortraitUpsideDown UIInterfaceOrientationLandscapeLeft UIInterfaceOrientationLandscapeRight";
				INFOPLIST_KEY_UISupportedInterfaceOrientations_iPhone = "UIInterfaceOrientationPortrait UIInterfaceOrientationLandscapeLeft UIInterfaceOrientationLandscapeRight";
				LD_RUNPATH_SEARCH_PATHS = (
					"$(inherited)",
					"@executable_path/Frameworks",
				);
				MARKETING_VERSION = 1.0;
				PRODUCT_BUNDLE_IDENTIFIER = com.satej.Landmarks;
				PRODUCT_NAME = "$(TARGET_NAME)";
				SWIFT_EMIT_LOC_STRINGS = YES;
				SWIFT_VERSION = 5.0;
				TARGETED_DEVICE_FAMILY = "1,2";
			};
			name = Release;
		};
/* End XCBuildConfiguration section */

/* Begin XCConfigurationList section */
		C4383120298E487F00A27A6D /* Build configuration list for PBXNativeTarget "MacLandmarks" */ = {
			isa = XCConfigurationList;
			buildConfigurations = (
				C4383121298E487F00A27A6D /* Debug */,
				C4383122298E487F00A27A6D /* Release */,
			);
			defaultConfigurationIsVisible = 0;
			defaultConfigurationName = Release;
		};
		C4631C27297D80F200D3C538 /* Build configuration list for PBXNativeTarget "WatchLandmarks Watch App" */ = {
			isa = XCConfigurationList;
			buildConfigurations = (
				C4631C28297D80F200D3C538 /* Debug */,
				C4631C29297D80F200D3C538 /* Release */,
			);
			defaultConfigurationIsVisible = 0;
			defaultConfigurationName = Release;
		};
		C4D2F3B0296BB3E60072948E /* Build configuration list for PBXProject "Landmarks" */ = {
			isa = XCConfigurationList;
			buildConfigurations = (
				C4D2F3C1296BB3E70072948E /* Debug */,
				C4D2F3C2296BB3E70072948E /* Release */,
			);
			defaultConfigurationIsVisible = 0;
			defaultConfigurationName = Release;
		};
		C4D2F3C3296BB3E70072948E /* Build configuration list for PBXNativeTarget "Landmarks" */ = {
			isa = XCConfigurationList;
			buildConfigurations = (
				C4D2F3C4296BB3E70072948E /* Debug */,
				C4D2F3C5296BB3E70072948E /* Release */,
			);
			defaultConfigurationIsVisible = 0;
			defaultConfigurationName = Release;
		};
/* End XCConfigurationList section */
	};
	rootObject = C4D2F3AD296BB3E60072948E /* Project object */;
}
